
Microsoft Visual Studio Solution File, Format Version 12.00
# Visual Studio 15
VisualStudioVersion = 15.0.28307.1259
MinimumVisualStudioVersion = 10.0.40219.1
Project("{FAE04EC0-301F-11D3-BF4B-00C04F79EFBC}") = "SharpGfx", "SharpGfx.csproj", "{12DDFD76-8249-43E8-A4D0-AF314D0C6647}"
EndProject
Project("{2150E333-8FDC-42A3-9474-1A3956D46DE8}") = "Dependencies", "Dependencies", "{B241CAFB-294A-4822-A83C-07589C62662E}"
	ProjectSection(SolutionItems) = preProject
		Dependencies\SFInput.dll = Dependencies\SFInput.dll
		Dependencies\SharpID.dll = Dependencies\SharpID.dll
		Dependencies\SharpLogger.dll = Dependencies\SharpLogger.dll
		Dependencies\SharpSerial.dll = Dependencies\SharpSerial.dll
		Dependencies\XInputDotNetPure.dll = Dependencies\XInputDotNetPure.dll
		Dependencies\XInputInterface.dll = Dependencies\XInputInterface.dll
	EndProjectSection
EndProject
Project("{FAE04EC0-301F-11D3-BF4B-00C04F79EFBC}") = "SharpGfxTest", "SharpGfxTest\SharpGfxTest.csproj", "{0123893B-7F02-4462-9BE1-051B4D2F4C07}"
EndProject
Global
	GlobalSection(SolutionConfigurationPlatforms) = preSolution
		Debug|Any CPU = Debug|Any CPU
		Release|Any CPU = Release|Any CPU
	EndGlobalSection
	GlobalSection(ProjectConfigurationPlatforms) = postSolution
		{12DDFD76-8249-43E8-A4D0-AF314D0C6647}.Debug|Any CPU.ActiveCfg = Debug|Any CPU
		{12DDFD76-8249-43E8-A4D0-AF314D0C6647}.Debug|Any CPU.Build.0 = Debug|Any CPU
		{12DDFD76-8249-43E8-A4D0-AF314D0C6647}.Release|Any CPU.ActiveCfg = Release|Any CPU
		{12DDFD76-8249-43E8-A4D0-AF314D0C6647}.Release|Any CPU.Build.0 = Release|Any CPU
		{0123893B-7F02-4462-9BE1-051B4D2F4C07}.Debug|Any CPU.ActiveCfg = Debug|Any CPU
		{0123893B-7F02-4462-9BE1-051B4D2F4C07}.Debug|Any CPU.Build.0 = Debug|Any CPU
		{0123893B-7F02-4462-9BE1-051B4D2F4C07}.Release|Any CPU.ActiveCfg = Release|Any CPU
		{0123893B-7F02-4462-9BE1-051B4D2F4C07}.Release|Any CPU.Build.0 = Release|Any CPU
	EndGlobalSection
	GlobalSection(SolutionProperties) = preSolution
		HideSolutionNode = FALSE
	EndGlobalSection
	GlobalSection(ExtensibilityGlobals) = postSolution
		SolutionGuid = {81A309E2-4BC7-4900-94D0-89BE56696912}
	EndGlobalSection
EndGlobal
